
Microsoft Visual Studio Solution File, Format Version 12.00
# Visual Studio Version 17
VisualStudioVersion = 17.7.34031.279
MinimumVisualStudioVersion = 10.0.40219.1
Project("{FAE04EC0-301F-11D3-BF4B-00C04F79EFBC}") = "dz9osn", "dz9osn.csproj", "{A5D781C7-CE85-4039-8A69-3A4051A1B931}"
EndProject
Project("{FAE04EC0-301F-11D3-BF4B-00C04F79EFBC}") = "dzfiguri", "..\dzfiguri\dzfiguri.csproj", "{258FD299-67C9-4639-A532-20E94F6E688C}"
EndProject
Global
	GlobalSection(SolutionConfigurationPlatforms) = preSolution
		Debug|Any CPU = Debug|Any CPU
		Release|Any CPU = Release|Any CPU
	EndGlobalSection
	GlobalSection(ProjectConfigurationPlatforms) = postSolution
		{A5D781C7-CE85-4039-8A69-3A4051A1B931}.Debug|Any CPU.ActiveCfg = Debug|Any CPU
		{A5D781C7-CE85-4039-8A69-3A4051A1B931}.Debug|Any CPU.Build.0 = Debug|Any CPU
		{A5D781C7-CE85-4039-8A69-3A4051A1B931}.Release|Any CPU.ActiveCfg = Release|Any CPU
		{A5D781C7-CE85-4039-8A69-3A4051A1B931}.Release|Any CPU.Build.0 = Release|Any CPU
		{258FD299-67C9-4639-A532-20E94F6E688C}.Debug|Any CPU.ActiveCfg = Debug|Any CPU
		{258FD299-67C9-4639-A532-20E94F6E688C}.Debug|Any CPU.Build.0 = Debug|Any CPU
		{258FD299-67C9-4639-A532-20E94F6E688C}.Release|Any CPU.ActiveCfg = Release|Any CPU
		{258FD299-67C9-4639-A532-20E94F6E688C}.Release|Any CPU.Build.0 = Release|Any CPU
	EndGlobalSection
	GlobalSection(SolutionProperties) = preSolution
		HideSolutionNode = FALSE
	EndGlobalSection
	GlobalSection(ExtensibilityGlobals) = postSolution
		SolutionGuid = {759A346F-C06E-45C3-87F4-405338517E1D}
	EndGlobalSection
EndGlobal
